// !$*UTF8*$!
{
	archiveVersion = 1;
	classes = {
	};
	objectVersion = 50;
	objects = {

/* Begin PBXBuildFile section */
		4D1C253A221C2A6600CC1BF1 /* ResponseObject.swift in Sources */ = {isa = PBXBuildFile; fileRef = 4D1C2539221C2A6600CC1BF1 /* ResponseObject.swift */; };
		4D1C253C221C2A7700CC1BF1 /* Bank.swift in Sources */ = {isa = PBXBuildFile; fileRef = 4D1C253B221C2A7700CC1BF1 /* Bank.swift */; };
		4D1C253E221C2A8200CC1BF1 /* Location.swift in Sources */ = {isa = PBXBuildFile; fileRef = 4D1C253D221C2A8200CC1BF1 /* Location.swift */; };
		4D1C2540221C2A8E00CC1BF1 /* WorkingHour.swift in Sources */ = {isa = PBXBuildFile; fileRef = 4D1C253F221C2A8E00CC1BF1 /* WorkingHour.swift */; };
		4D1C2543221C2BEB00CC1BF1 /* Result.swift in Sources */ = {isa = PBXBuildFile; fileRef = 4D1C2542221C2BEB00CC1BF1 /* Result.swift */; };
		4D1C2547221C2C3400CC1BF1 /* IBL_data.json in Resources */ = {isa = PBXBuildFile; fileRef = 4D1C2546221C2C3400CC1BF1 /* IBL_data.json */; };
		4D1C2549221C2C5500CC1BF1 /* DataManager.swift in Sources */ = {isa = PBXBuildFile; fileRef = 4D1C2548221C2C5500CC1BF1 /* DataManager.swift */; };
		4D1C254C221C7F5500CC1BF1 /* CustomCalloutView.xib in Resources */ = {isa = PBXBuildFile; fileRef = 4D1C254B221C7F5500CC1BF1 /* CustomCalloutView.xib */; };
		4D1C254E221C7F6600CC1BF1 /* CustomCalloutView.swift in Sources */ = {isa = PBXBuildFile; fileRef = 4D1C254D221C7F6600CC1BF1 /* CustomCalloutView.swift */; };
		4D1C2550221C834700CC1BF1 /* CustomAnnotation.swift in Sources */ = {isa = PBXBuildFile; fileRef = 4D1C254F221C834700CC1BF1 /* CustomAnnotation.swift */; };
		4D1C2552221C83A300CC1BF1 /* AnnotationView.swift in Sources */ = {isa = PBXBuildFile; fileRef = 4D1C2551221C83A300CC1BF1 /* AnnotationView.swift */; };
		4D1F75C6221B238700CBF665 /* AppDelegate.swift in Sources */ = {isa = PBXBuildFile; fileRef = 4D1F75C5221B238700CBF665 /* AppDelegate.swift */; };
		4D1F75C8221B238700CBF665 /* ViewController.swift in Sources */ = {isa = PBXBuildFile; fileRef = 4D1F75C7221B238700CBF665 /* ViewController.swift */; };
		4D1F75CD221B238800CBF665 /* Assets.xcassets in Resources */ = {isa = PBXBuildFile; fileRef = 4D1F75CC221B238800CBF665 /* Assets.xcassets */; };
		4D1F75D0221B238800CBF665 /* LaunchScreen.storyboard in Resources */ = {isa = PBXBuildFile; fileRef = 4D1F75CE221B238800CBF665 /* LaunchScreen.storyboard */; };
		4D1F75DB221B238800CBF665 /* IBLAppTests.swift in Sources */ = {isa = PBXBuildFile; fileRef = 4D1F75DA221B238800CBF665 /* IBLAppTests.swift */; };
		4D1F75E6221B238800CBF665 /* IBLAppUITests.swift in Sources */ = {isa = PBXBuildFile; fileRef = 4D1F75E5221B238800CBF665 /* IBLAppUITests.swift */; };
		4D1F75F3221B23A100CBF665 /* Main.storyboard in Resources */ = {isa = PBXBuildFile; fileRef = 4D1F75C9221B238700CBF665 /* Main.storyboard */; };
		4D1F75F9221B251B00CBF665 /* UIExtendedView.swift in Sources */ = {isa = PBXBuildFile; fileRef = 4D1F75F8221B251B00CBF665 /* UIExtendedView.swift */; };
		4D1F75FB221B254700CBF665 /* UIGradientView.swift in Sources */ = {isa = PBXBuildFile; fileRef = 4D1F75FA221B254700CBF665 /* UIGradientView.swift */; };
		4D1F75FD221B256500CBF665 /* UIRoundButton.swift in Sources */ = {isa = PBXBuildFile; fileRef = 4D1F75FC221B256500CBF665 /* UIRoundButton.swift */; };
		4D1F7600221B28DE00CBF665 /* Map.storyboard in Resources */ = {isa = PBXBuildFile; fileRef = 4D1F75FF221B28DE00CBF665 /* Map.storyboard */; };
		4D1F7603221B291200CBF665 /* MapViewController.swift in Sources */ = {isa = PBXBuildFile; fileRef = 4D1F7602221B291200CBF665 /* MapViewController.swift */; };
		4D1F7606221B2A3B00CBF665 /* List.storyboard in Resources */ = {isa = PBXBuildFile; fileRef = 4D1F7605221B2A3B00CBF665 /* List.storyboard */; };
		4D1F7609221B2ABC00CBF665 /* ListViewController.swift in Sources */ = {isa = PBXBuildFile; fileRef = 4D1F7608221B2ABC00CBF665 /* ListViewController.swift */; };
		4D1F760C221B2B2D00CBF665 /* ListTableViewCell.swift in Sources */ = {isa = PBXBuildFile; fileRef = 4D1F760B221B2B2D00CBF665 /* ListTableViewCell.swift */; };
		4D1F760E221B317200CBF665 /* Details.storyboard in Resources */ = {isa = PBXBuildFile; fileRef = 4D1F760D221B317200CBF665 /* Details.storyboard */; };
		4D1F7611221B323800CBF665 /* DetailsViewController.swift in Sources */ = {isa = PBXBuildFile; fileRef = 4D1F7610221B323800CBF665 /* DetailsViewController.swift */; };
		4D1F7613221B326000CBF665 /* DetailsTableViewController.swift in Sources */ = {isa = PBXBuildFile; fileRef = 4D1F7612221B326000CBF665 /* DetailsTableViewController.swift */; };
		4D1F7615221B32E100CBF665 /* WorkHoursViewController.swift in Sources */ = {isa = PBXBuildFile; fileRef = 4D1F7614221B32E100CBF665 /* WorkHoursViewController.swift */; };
/* End PBXBuildFile section */

/* Begin PBXContainerItemProxy section */
		4D1F75D7221B238800CBF665 /* PBXContainerItemProxy */ = {
			isa = PBXContainerItemProxy;
			containerPortal = 4D1F75BA221B238700CBF665 /* Project object */;
			proxyType = 1;
			remoteGlobalIDString = 4D1F75C1221B238700CBF665;
			remoteInfo = IBLApp;
		};
		4D1F75E2221B238800CBF665 /* PBXContainerItemProxy */ = {
			isa = PBXContainerItemProxy;
			containerPortal = 4D1F75BA221B238700CBF665 /* Project object */;
			proxyType = 1;
			remoteGlobalIDString = 4D1F75C1221B238700CBF665;
			remoteInfo = IBLApp;
		};
/* End PBXContainerItemProxy section */

/* Begin PBXFileReference section */
		4D1C2539221C2A6600CC1BF1 /* ResponseObject.swift */ = {isa = PBXFileReference; lastKnownFileType = sourcecode.swift; path = ResponseObject.swift; sourceTree = "<group>"; };
		4D1C253B221C2A7700CC1BF1 /* Bank.swift */ = {isa = PBXFileReference; lastKnownFileType = sourcecode.swift; path = Bank.swift; sourceTree = "<group>"; };
		4D1C253D221C2A8200CC1BF1 /* Location.swift */ = {isa = PBXFileReference; lastKnownFileType = sourcecode.swift; path = Location.swift; sourceTree = "<group>"; };
		4D1C253F221C2A8E00CC1BF1 /* WorkingHour.swift */ = {isa = PBXFileReference; lastKnownFileType = sourcecode.swift; path = WorkingHour.swift; sourceTree = "<group>"; };
		4D1C2542221C2BEB00CC1BF1 /* Result.swift */ = {isa = PBXFileReference; lastKnownFileType = sourcecode.swift; path = Result.swift; sourceTree = "<group>"; };
		4D1C2546221C2C3400CC1BF1 /* IBL_data.json */ = {isa = PBXFileReference; fileEncoding = 4; lastKnownFileType = text.json; path = IBL_data.json; sourceTree = "<group>"; };
		4D1C2548221C2C5500CC1BF1 /* DataManager.swift */ = {isa = PBXFileReference; lastKnownFileType = sourcecode.swift; path = DataManager.swift; sourceTree = "<group>"; };
		4D1C254B221C7F5500CC1BF1 /* CustomCalloutView.xib */ = {isa = PBXFileReference; lastKnownFileType = file.xib; path = CustomCalloutView.xib; sourceTree = "<group>"; };
		4D1C254D221C7F6600CC1BF1 /* CustomCalloutView.swift */ = {isa = PBXFileReference; lastKnownFileType = sourcecode.swift; path = CustomCalloutView.swift; sourceTree = "<group>"; };
		4D1C254F221C834700CC1BF1 /* CustomAnnotation.swift */ = {isa = PBXFileReference; lastKnownFileType = sourcecode.swift; path = CustomAnnotation.swift; sourceTree = "<group>"; };
		4D1C2551221C83A300CC1BF1 /* AnnotationView.swift */ = {isa = PBXFileReference; lastKnownFileType = sourcecode.swift; path = AnnotationView.swift; sourceTree = "<group>"; };
		4D1F75C2221B238700CBF665 /* IBLApp.app */ = {isa = PBXFileReference; explicitFileType = wrapper.application; includeInIndex = 0; path = IBLApp.app; sourceTree = BUILT_PRODUCTS_DIR; };
		4D1F75C5221B238700CBF665 /* AppDelegate.swift */ = {isa = PBXFileReference; lastKnownFileType = sourcecode.swift; path = AppDelegate.swift; sourceTree = "<group>"; };
		4D1F75C7221B238700CBF665 /* ViewController.swift */ = {isa = PBXFileReference; lastKnownFileType = sourcecode.swift; path = ViewController.swift; sourceTree = "<group>"; };
		4D1F75CA221B238700CBF665 /* Base */ = {isa = PBXFileReference; lastKnownFileType = file.storyboard; name = Base; path = Base.lproj/Main.storyboard; sourceTree = "<group>"; };
		4D1F75CC221B238800CBF665 /* Assets.xcassets */ = {isa = PBXFileReference; lastKnownFileType = folder.assetcatalog; path = Assets.xcassets; sourceTree = "<group>"; };
		4D1F75CF221B238800CBF665 /* Base */ = {isa = PBXFileReference; lastKnownFileType = file.storyboard; name = Base; path = Base.lproj/LaunchScreen.storyboard; sourceTree = "<group>"; };
		4D1F75D1221B238800CBF665 /* Info.plist */ = {isa = PBXFileReference; lastKnownFileType = text.plist.xml; path = Info.plist; sourceTree = "<group>"; };
		4D1F75D6221B238800CBF665 /* IBLAppTests.xctest */ = {isa = PBXFileReference; explicitFileType = wrapper.cfbundle; includeInIndex = 0; path = IBLAppTests.xctest; sourceTree = BUILT_PRODUCTS_DIR; };
		4D1F75DA221B238800CBF665 /* IBLAppTests.swift */ = {isa = PBXFileReference; lastKnownFileType = sourcecode.swift; path = IBLAppTests.swift; sourceTree = "<group>"; };
		4D1F75DC221B238800CBF665 /* Info.plist */ = {isa = PBXFileReference; lastKnownFileType = text.plist.xml; path = Info.plist; sourceTree = "<group>"; };
		4D1F75E1221B238800CBF665 /* IBLAppUITests.xctest */ = {isa = PBXFileReference; explicitFileType = wrapper.cfbundle; includeInIndex = 0; path = IBLAppUITests.xctest; sourceTree = BUILT_PRODUCTS_DIR; };
		4D1F75E5221B238800CBF665 /* IBLAppUITests.swift */ = {isa = PBXFileReference; lastKnownFileType = sourcecode.swift; path = IBLAppUITests.swift; sourceTree = "<group>"; };
		4D1F75E7221B238800CBF665 /* Info.plist */ = {isa = PBXFileReference; lastKnownFileType = text.plist.xml; path = Info.plist; sourceTree = "<group>"; };
		4D1F75F8221B251B00CBF665 /* UIExtendedView.swift */ = {isa = PBXFileReference; lastKnownFileType = sourcecode.swift; path = UIExtendedView.swift; sourceTree = "<group>"; };
		4D1F75FA221B254700CBF665 /* UIGradientView.swift */ = {isa = PBXFileReference; lastKnownFileType = sourcecode.swift; path = UIGradientView.swift; sourceTree = "<group>"; };
		4D1F75FC221B256500CBF665 /* UIRoundButton.swift */ = {isa = PBXFileReference; lastKnownFileType = sourcecode.swift; path = UIRoundButton.swift; sourceTree = "<group>"; };
		4D1F75FF221B28DE00CBF665 /* Map.storyboard */ = {isa = PBXFileReference; lastKnownFileType = file.storyboard; path = Map.storyboard; sourceTree = "<group>"; };
		4D1F7602221B291200CBF665 /* MapViewController.swift */ = {isa = PBXFileReference; lastKnownFileType = sourcecode.swift; path = MapViewController.swift; sourceTree = "<group>"; };
		4D1F7605221B2A3B00CBF665 /* List.storyboard */ = {isa = PBXFileReference; lastKnownFileType = file.storyboard; path = List.storyboard; sourceTree = "<group>"; };
		4D1F7608221B2ABC00CBF665 /* ListViewController.swift */ = {isa = PBXFileReference; lastKnownFileType = sourcecode.swift; path = ListViewController.swift; sourceTree = "<group>"; };
		4D1F760B221B2B2D00CBF665 /* ListTableViewCell.swift */ = {isa = PBXFileReference; lastKnownFileType = sourcecode.swift; path = ListTableViewCell.swift; sourceTree = "<group>"; };
		4D1F760D221B317200CBF665 /* Details.storyboard */ = {isa = PBXFileReference; lastKnownFileType = file.storyboard; path = Details.storyboard; sourceTree = "<group>"; };
		4D1F7610221B323800CBF665 /* DetailsViewController.swift */ = {isa = PBXFileReference; lastKnownFileType = sourcecode.swift; path = DetailsViewController.swift; sourceTree = "<group>"; };
		4D1F7612221B326000CBF665 /* DetailsTableViewController.swift */ = {isa = PBXFileReference; lastKnownFileType = sourcecode.swift; path = DetailsTableViewController.swift; sourceTree = "<group>"; };
		4D1F7614221B32E100CBF665 /* WorkHoursViewController.swift */ = {isa = PBXFileReference; lastKnownFileType = sourcecode.swift; path = WorkHoursViewController.swift; sourceTree = "<group>"; };
/* End PBXFileReference section */

/* Begin PBXFrameworksBuildPhase section */
		4D1F75BF221B238700CBF665 /* Frameworks */ = {
			isa = PBXFrameworksBuildPhase;
			buildActionMask = 2147483647;
			files = (
			);
			runOnlyForDeploymentPostprocessing = 0;
		};
		4D1F75D3221B238800CBF665 /* Frameworks */ = {
			isa = PBXFrameworksBuildPhase;
			buildActionMask = 2147483647;
			files = (
			);
			runOnlyForDeploymentPostprocessing = 0;
		};
		4D1F75DE221B238800CBF665 /* Frameworks */ = {
			isa = PBXFrameworksBuildPhase;
			buildActionMask = 2147483647;
			files = (
			);
			runOnlyForDeploymentPostprocessing = 0;
		};
/* End PBXFrameworksBuildPhase section */

/* Begin PBXGroup section */
		4D1C2541221C2BBD00CC1BF1 /* Helpers */ = {
			isa = PBXGroup;
			children = (
				4D1C2542221C2BEB00CC1BF1 /* Result.swift */,
			);
			path = Helpers;
			sourceTree = "<group>";
		};
		4D1C2544221C2C0A00CC1BF1 /* Resources */ = {
			isa = PBXGroup;
			children = (
				4D1C2546221C2C3400CC1BF1 /* IBL_data.json */,
			);
			path = Resources;
			sourceTree = "<group>";
		};
		4D1C2545221C2C1600CC1BF1 /* Managers */ = {
			isa = PBXGroup;
			children = (
				4D1C2548221C2C5500CC1BF1 /* DataManager.swift */,
			);
			path = Managers;
			sourceTree = "<group>";
		};
		4D1C254A221C7F1100CC1BF1 /* Annotations */ = {
			isa = PBXGroup;
			children = (
				4D1C254B221C7F5500CC1BF1 /* CustomCalloutView.xib */,
				4D1C254D221C7F6600CC1BF1 /* CustomCalloutView.swift */,
				4D1C254F221C834700CC1BF1 /* CustomAnnotation.swift */,
				4D1C2551221C83A300CC1BF1 /* AnnotationView.swift */,
			);
			path = Annotations;
			sourceTree = "<group>";
		};
		4D1F75B9221B238700CBF665 = {
			isa = PBXGroup;
			children = (
				4D1F75C4221B238700CBF665 /* IBLApp */,
				4D1F75D9221B238800CBF665 /* IBLAppTests */,
				4D1F75E4221B238800CBF665 /* IBLAppUITests */,
				4D1F75C3221B238700CBF665 /* Products */,
			);
			sourceTree = "<group>";
		};
		4D1F75C3221B238700CBF665 /* Products */ = {
			isa = PBXGroup;
			children = (
				4D1F75C2221B238700CBF665 /* IBLApp.app */,
				4D1F75D6221B238800CBF665 /* IBLAppTests.xctest */,
				4D1F75E1221B238800CBF665 /* IBLAppUITests.xctest */,
			);
			name = Products;
			sourceTree = "<group>";
		};
		4D1F75C4221B238700CBF665 /* IBLApp */ = {
			isa = PBXGroup;
			children = (
				4D1F75C5221B238700CBF665 /* AppDelegate.swift */,
				4D1F75CC221B238800CBF665 /* Assets.xcassets */,
				4D1F75CE221B238800CBF665 /* LaunchScreen.storyboard */,
				4D1F75D1221B238800CBF665 /* Info.plist */,
				4D1C2544221C2C0A00CC1BF1 /* Resources */,
				4D1C2541221C2BBD00CC1BF1 /* Helpers */,
				4D1C2545221C2C1600CC1BF1 /* Managers */,
				4D1F75F7221B247200CBF665 /* Extensions */,
				4D1F75F6221B246B00CBF665 /* Model */,
				4D1F75F5221B246400CBF665 /* Storyboards */,
				4D1F75F4221B245700CBF665 /* ViewControllers */,
			);
			path = IBLApp;
			sourceTree = "<group>";
		};
		4D1F75D9221B238800CBF665 /* IBLAppTests */ = {
			isa = PBXGroup;
			children = (
				4D1F75DA221B238800CBF665 /* IBLAppTests.swift */,
				4D1F75DC221B238800CBF665 /* Info.plist */,
			);
			path = IBLAppTests;
			sourceTree = "<group>";
		};
		4D1F75E4221B238800CBF665 /* IBLAppUITests */ = {
			isa = PBXGroup;
			children = (
				4D1F75E5221B238800CBF665 /* IBLAppUITests.swift */,
				4D1F75E7221B238800CBF665 /* Info.plist */,
			);
			path = IBLAppUITests;
			sourceTree = "<group>";
		};
		4D1F75F4221B245700CBF665 /* ViewControllers */ = {
			isa = PBXGroup;
			children = (
				4D1F7607221B2A9D00CBF665 /* List */,
				4D1F7601221B290000CBF665 /* Map */,
				4D1F75C7221B238700CBF665 /* ViewController.swift */,
			);
			path = ViewControllers;
			sourceTree = "<group>";
		};
		4D1F75F5221B246400CBF665 /* Storyboards */ = {
			isa = PBXGroup;
			children = (
				4D1F7604221B29FF00CBF665 /* List */,
				4D1F75FE221B28D000CBF665 /* Map */,
				4D1F75C9221B238700CBF665 /* Main.storyboard */,
			);
			path = Storyboards;
			sourceTree = "<group>";
		};
		4D1F75F6221B246B00CBF665 /* Model */ = {
			isa = PBXGroup;
			children = (
				4D1C2539221C2A6600CC1BF1 /* ResponseObject.swift */,
				4D1C253B221C2A7700CC1BF1 /* Bank.swift */,
				4D1C253D221C2A8200CC1BF1 /* Location.swift */,
				4D1C253F221C2A8E00CC1BF1 /* WorkingHour.swift */,
			);
			path = Model;
			sourceTree = "<group>";
		};
		4D1F75F7221B247200CBF665 /* Extensions */ = {
			isa = PBXGroup;
			children = (
				4D1F75F8221B251B00CBF665 /* UIExtendedView.swift */,
				4D1F75FA221B254700CBF665 /* UIGradientView.swift */,
				4D1F75FC221B256500CBF665 /* UIRoundButton.swift */,
			);
			path = Extensions;
			sourceTree = "<group>";
		};
		4D1F75FE221B28D000CBF665 /* Map */ = {
			isa = PBXGroup;
			children = (
				4D1F75FF221B28DE00CBF665 /* Map.storyboard */,
				4D1F760D221B317200CBF665 /* Details.storyboard */,
			);
			path = Map;
			sourceTree = "<group>";
		};
		4D1F7601221B290000CBF665 /* Map */ = {
			isa = PBXGroup;
			children = (
				4D1C254A221C7F1100CC1BF1 /* Annotations */,
				4D1F760F221B322700CBF665 /* Details */,
				4D1F7602221B291200CBF665 /* MapViewController.swift */,
			);
			path = Map;
			sourceTree = "<group>";
		};
		4D1F7604221B29FF00CBF665 /* List */ = {
			isa = PBXGroup;
			children = (
				4D1F7605221B2A3B00CBF665 /* List.storyboard */,
			);
			path = List;
			sourceTree = "<group>";
		};
		4D1F7607221B2A9D00CBF665 /* List */ = {
			isa = PBXGroup;
			children = (
				4D1F760A221B2B1200CBF665 /* Cells */,
				4D1F7608221B2ABC00CBF665 /* ListViewController.swift */,
			);
			path = List;
			sourceTree = "<group>";
		};
		4D1F760A221B2B1200CBF665 /* Cells */ = {
			isa = PBXGroup;
			children = (
				4D1F760B221B2B2D00CBF665 /* ListTableViewCell.swift */,
			);
			path = Cells;
			sourceTree = "<group>";
		};
		4D1F760F221B322700CBF665 /* Details */ = {
			isa = PBXGroup;
			children = (
				4D1F7610221B323800CBF665 /* DetailsViewController.swift */,
				4D1F7612221B326000CBF665 /* DetailsTableViewController.swift */,
				4D1F7614221B32E100CBF665 /* WorkHoursViewController.swift */,
			);
			path = Details;
			sourceTree = "<group>";
		};
/* End PBXGroup section */

/* Begin PBXNativeTarget section */
		4D1F75C1221B238700CBF665 /* IBLApp */ = {
			isa = PBXNativeTarget;
			buildConfigurationList = 4D1F75EA221B238800CBF665 /* Build configuration list for PBXNativeTarget "IBLApp" */;
			buildPhases = (
				4D1F75BE221B238700CBF665 /* Sources */,
				4D1F75BF221B238700CBF665 /* Frameworks */,
				4D1F75C0221B238700CBF665 /* Resources */,
			);
			buildRules = (
			);
			dependencies = (
			);
			name = IBLApp;
			productName = IBLApp;
			productReference = 4D1F75C2221B238700CBF665 /* IBLApp.app */;
			productType = "com.apple.product-type.application";
		};
		4D1F75D5221B238800CBF665 /* IBLAppTests */ = {
			isa = PBXNativeTarget;
			buildConfigurationList = 4D1F75ED221B238800CBF665 /* Build configuration list for PBXNativeTarget "IBLAppTests" */;
			buildPhases = (
				4D1F75D2221B238800CBF665 /* Sources */,
				4D1F75D3221B238800CBF665 /* Frameworks */,
				4D1F75D4221B238800CBF665 /* Resources */,
			);
			buildRules = (
			);
			dependencies = (
				4D1F75D8221B238800CBF665 /* PBXTargetDependency */,
			);
			name = IBLAppTests;
			productName = IBLAppTests;
			productReference = 4D1F75D6221B238800CBF665 /* IBLAppTests.xctest */;
			productType = "com.apple.product-type.bundle.unit-test";
		};
		4D1F75E0221B238800CBF665 /* IBLAppUITests */ = {
			isa = PBXNativeTarget;
			buildConfigurationList = 4D1F75F0221B238800CBF665 /* Build configuration list for PBXNativeTarget "IBLAppUITests" */;
			buildPhases = (
				4D1F75DD221B238800CBF665 /* Sources */,
				4D1F75DE221B238800CBF665 /* Frameworks */,
				4D1F75DF221B238800CBF665 /* Resources */,
			);
			buildRules = (
			);
			dependencies = (
				4D1F75E3221B238800CBF665 /* PBXTargetDependency */,
			);
			name = IBLAppUITests;
			productName = IBLAppUITests;
			productReference = 4D1F75E1221B238800CBF665 /* IBLAppUITests.xctest */;
			productType = "com.apple.product-type.bundle.ui-testing";
		};
/* End PBXNativeTarget section */

/* Begin PBXProject section */
		4D1F75BA221B238700CBF665 /* Project object */ = {
			isa = PBXProject;
			attributes = {
				LastSwiftUpdateCheck = 1010;
				LastUpgradeCheck = 1010;
				ORGANIZATIONNAME = Visar;
				TargetAttributes = {
					4D1F75C1221B238700CBF665 = {
						CreatedOnToolsVersion = 10.1;
					};
					4D1F75D5221B238800CBF665 = {
						CreatedOnToolsVersion = 10.1;
						TestTargetID = 4D1F75C1221B238700CBF665;
					};
					4D1F75E0221B238800CBF665 = {
						CreatedOnToolsVersion = 10.1;
						TestTargetID = 4D1F75C1221B238700CBF665;
					};
				};
			};
			buildConfigurationList = 4D1F75BD221B238700CBF665 /* Build configuration list for PBXProject "IBLApp" */;
			compatibilityVersion = "Xcode 9.3";
			developmentRegion = en;
			hasScannedForEncodings = 0;
			knownRegions = (
				en,
				Base,
			);
			mainGroup = 4D1F75B9221B238700CBF665;
			productRefGroup = 4D1F75C3221B238700CBF665 /* Products */;
			projectDirPath = "";
			projectRoot = "";
			targets = (
				4D1F75C1221B238700CBF665 /* IBLApp */,
				4D1F75D5221B238800CBF665 /* IBLAppTests */,
				4D1F75E0221B238800CBF665 /* IBLAppUITests */,
			);
		};
/* End PBXProject section */

/* Begin PBXResourcesBuildPhase section */
		4D1F75C0221B238700CBF665 /* Resources */ = {
			isa = PBXResourcesBuildPhase;
			buildActionMask = 2147483647;
			files = (
				4D1C254C221C7F5500CC1BF1 /* CustomCalloutView.xib in Resources */,
				4D1F75F3221B23A100CBF665 /* Main.storyboard in Resources */,
				4D1C2547221C2C3400CC1BF1 /* IBL_data.json in Resources */,
				4D1F760E221B317200CBF665 /* Details.storyboard in Resources */,
				4D1F75D0221B238800CBF665 /* LaunchScreen.storyboard in Resources */,
				4D1F7606221B2A3B00CBF665 /* List.storyboard in Resources */,
				4D1F75CD221B238800CBF665 /* Assets.xcassets in Resources */,
				4D1F7600221B28DE00CBF665 /* Map.storyboard in Resources */,
			);
			runOnlyForDeploymentPostprocessing = 0;
		};
		4D1F75D4221B238800CBF665 /* Resources */ = {
			isa = PBXResourcesBuildPhase;
			buildActionMask = 2147483647;
			files = (
			);
			runOnlyForDeploymentPostprocessing = 0;
		};
		4D1F75DF221B238800CBF665 /* Resources */ = {
			isa = PBXResourcesBuildPhase;
			buildActionMask = 2147483647;
			files = (
			);
			runOnlyForDeploymentPostprocessing = 0;
		};
/* End PBXResourcesBuildPhase section */

/* Begin PBXSourcesBuildPhase section */
		4D1F75BE221B238700CBF665 /* Sources */ = {
			isa = PBXSourcesBuildPhase;
			buildActionMask = 2147483647;
			files = (
				4D1F75C8221B238700CBF665 /* ViewController.swift in Sources */,
				4D1C253A221C2A6600CC1BF1 /* ResponseObject.swift in Sources */,
				4D1F760C221B2B2D00CBF665 /* ListTableViewCell.swift in Sources */,
				4D1C2550221C834700CC1BF1 /* CustomAnnotation.swift in Sources */,
				4D1F7611221B323800CBF665 /* DetailsViewController.swift in Sources */,
				4D1F7603221B291200CBF665 /* MapViewController.swift in Sources */,
				4D1C2540221C2A8E00CC1BF1 /* WorkingHour.swift in Sources */,
				4D1C2543221C2BEB00CC1BF1 /* Result.swift in Sources */,
				4D1F75C6221B238700CBF665 /* AppDelegate.swift in Sources */,
				4D1C253E221C2A8200CC1BF1 /* Location.swift in Sources */,
				4D1C2549221C2C5500CC1BF1 /* DataManager.swift in Sources */,
				4D1F7615221B32E100CBF665 /* WorkHoursViewController.swift in Sources */,
				4D1F75FB221B254700CBF665 /* UIGradientView.swift in Sources */,
				4D1C254E221C7F6600CC1BF1 /* CustomCalloutView.swift in Sources */,
				4D1F7613221B326000CBF665 /* DetailsTableViewController.swift in Sources */,
				4D1F75F9221B251B00CBF665 /* UIExtendedView.swift in Sources */,
				4D1F75FD221B256500CBF665 /* UIRoundButton.swift in Sources */,
				4D1C2552221C83A300CC1BF1 /* AnnotationView.swift in Sources */,
				4D1C253C221C2A7700CC1BF1 /* Bank.swift in Sources */,
				4D1F7609221B2ABC00CBF665 /* ListViewController.swift in Sources */,
			);
			runOnlyForDeploymentPostprocessing = 0;
		};
		4D1F75D2221B238800CBF665 /* Sources */ = {
			isa = PBXSourcesBuildPhase;
			buildActionMask = 2147483647;
			files = (
				4D1F75DB221B238800CBF665 /* IBLAppTests.swift in Sources */,
			);
			runOnlyForDeploymentPostprocessing = 0;
		};
		4D1F75DD221B238800CBF665 /* Sources */ = {
			isa = PBXSourcesBuildPhase;
			buildActionMask = 2147483647;
			files = (
				4D1F75E6221B238800CBF665 /* IBLAppUITests.swift in Sources */,
			);
			runOnlyForDeploymentPostprocessing = 0;
		};
/* End PBXSourcesBuildPhase section */

/* Begin PBXTargetDependency section */
		4D1F75D8221B238800CBF665 /* PBXTargetDependency */ = {
			isa = PBXTargetDependency;
			target = 4D1F75C1221B238700CBF665 /* IBLApp */;
			targetProxy = 4D1F75D7221B238800CBF665 /* PBXContainerItemProxy */;
		};
		4D1F75E3221B238800CBF665 /* PBXTargetDependency */ = {
			isa = PBXTargetDependency;
			target = 4D1F75C1221B238700CBF665 /* IBLApp */;
			targetProxy = 4D1F75E2221B238800CBF665 /* PBXContainerItemProxy */;
		};
/* End PBXTargetDependency section */

/* Begin PBXVariantGroup section */
		4D1F75C9221B238700CBF665 /* Main.storyboard */ = {
			isa = PBXVariantGroup;
			children = (
				4D1F75CA221B238700CBF665 /* Base */,
			);
			name = Main.storyboard;
			sourceTree = "<group>";
		};
		4D1F75CE221B238800CBF665 /* LaunchScreen.storyboard */ = {
			isa = PBXVariantGroup;
			children = (
				4D1F75CF221B238800CBF665 /* Base */,
			);
			name = LaunchScreen.storyboard;
			sourceTree = "<group>";
		};
/* End PBXVariantGroup section */

/* Begin XCBuildConfiguration section */
		4D1F75E8221B238800CBF665 /* Debug */ = {
			isa = XCBuildConfiguration;
			buildSettings = {
				ALWAYS_SEARCH_USER_PATHS = NO;
				CLANG_ANALYZER_NONNULL = YES;
				CLANG_ANALYZER_NUMBER_OBJECT_CONVERSION = YES_AGGRESSIVE;
				CLANG_CXX_LANGUAGE_STANDARD = "gnu++14";
				CLANG_CXX_LIBRARY = "libc++";
				CLANG_ENABLE_MODULES = YES;
				CLANG_ENABLE_OBJC_ARC = YES;
				CLANG_ENABLE_OBJC_WEAK = YES;
				CLANG_WARN_BLOCK_CAPTURE_AUTORELEASING = YES;
				CLANG_WARN_BOOL_CONVERSION = YES;
				CLANG_WARN_COMMA = YES;
				CLANG_WARN_CONSTANT_CONVERSION = YES;
				CLANG_WARN_DEPRECATED_OBJC_IMPLEMENTATIONS = YES;
				CLANG_WARN_DIRECT_OBJC_ISA_USAGE = YES_ERROR;
				CLANG_WARN_DOCUMENTATION_COMMENTS = YES;
				CLANG_WARN_EMPTY_BODY = YES;
				CLANG_WARN_ENUM_CONVERSION = YES;
				CLANG_WARN_INFINITE_RECURSION = YES;
				CLANG_WARN_INT_CONVERSION = YES;
				CLANG_WARN_NON_LITERAL_NULL_CONVERSION = YES;
				CLANG_WARN_OBJC_IMPLICIT_RETAIN_SELF = YES;
				CLANG_WARN_OBJC_LITERAL_CONVERSION = YES;
				CLANG_WARN_OBJC_ROOT_CLASS = YES_ERROR;
				CLANG_WARN_RANGE_LOOP_ANALYSIS = YES;
				CLANG_WARN_STRICT_PROTOTYPES = YES;
				CLANG_WARN_SUSPICIOUS_MOVE = YES;
				CLANG_WARN_UNGUARDED_AVAILABILITY = YES_AGGRESSIVE;
				CLANG_WARN_UNREACHABLE_CODE = YES;
				CLANG_WARN__DUPLICATE_METHOD_MATCH = YES;
				CODE_SIGN_IDENTITY = "iPhone Developer";
				COPY_PHASE_STRIP = NO;
				DEBUG_INFORMATION_FORMAT = dwarf;
				ENABLE_STRICT_OBJC_MSGSEND = YES;
				ENABLE_TESTABILITY = YES;
				GCC_C_LANGUAGE_STANDARD = gnu11;
				GCC_DYNAMIC_NO_PIC = NO;
				GCC_NO_COMMON_BLOCKS = YES;
				GCC_OPTIMIZATION_LEVEL = 0;
				GCC_PREPROCESSOR_DEFINITIONS = (
					"DEBUG=1",
					"$(inherited)",
				);
				GCC_WARN_64_TO_32_BIT_CONVERSION = YES;
				GCC_WARN_ABOUT_RETURN_TYPE = YES_ERROR;
				GCC_WARN_UNDECLARED_SELECTOR = YES;
				GCC_WARN_UNINITIALIZED_AUTOS = YES_AGGRESSIVE;
				GCC_WARN_UNUSED_FUNCTION = YES;
				GCC_WARN_UNUSED_VARIABLE = YES;
				IPHONEOS_DEPLOYMENT_TARGET = 12.1;
				MTL_ENABLE_DEBUG_INFO = INCLUDE_SOURCE;
				MTL_FAST_MATH = YES;
				ONLY_ACTIVE_ARCH = YES;
				SDKROOT = iphoneos;
				SWIFT_ACTIVE_COMPILATION_CONDITIONS = DEBUG;
				SWIFT_OPTIMIZATION_LEVEL = "-Onone";
			};
			name = Debug;
		};
		4D1F75E9221B238800CBF665 /* Release */ = {
			isa = XCBuildConfiguration;
			buildSettings = {
				ALWAYS_SEARCH_USER_PATHS = NO;
				CLANG_ANALYZER_NONNULL = YES;
				CLANG_ANALYZER_NUMBER_OBJECT_CONVERSION = YES_AGGRESSIVE;
				CLANG_CXX_LANGUAGE_STANDARD = "gnu++14";
				CLANG_CXX_LIBRARY = "libc++";
				CLANG_ENABLE_MODULES = YES;
				CLANG_ENABLE_OBJC_ARC = YES;
				CLANG_ENABLE_OBJC_WEAK = YES;
				CLANG_WARN_BLOCK_CAPTURE_AUTORELEASING = YES;
				CLANG_WARN_BOOL_CONVERSION = YES;
				CLANG_WARN_COMMA = YES;
				CLANG_WARN_CONSTANT_CONVERSION = YES;
				CLANG_WARN_DEPRECATED_OBJC_IMPLEMENTATIONS = YES;
				CLANG_WARN_DIRECT_OBJC_ISA_USAGE = YES_ERROR;
				CLANG_WARN_DOCUMENTATION_COMMENTS = YES;
				CLANG_WARN_EMPTY_BODY = YES;
				CLANG_WARN_ENUM_CONVERSION = YES;
				CLANG_WARN_INFINITE_RECURSION = YES;
				CLANG_WARN_INT_CONVERSION = YES;
				CLANG_WARN_NON_LITERAL_NULL_CONVERSION = YES;
				CLANG_WARN_OBJC_IMPLICIT_RETAIN_SELF = YES;
				CLANG_WARN_OBJC_LITERAL_CONVERSION = YES;
				CLANG_WARN_OBJC_ROOT_CLASS = YES_ERROR;
				CLANG_WARN_RANGE_LOOP_ANALYSIS = YES;
				CLANG_WARN_STRICT_PROTOTYPES = YES;
				CLANG_WARN_SUSPICIOUS_MOVE = YES;
				CLANG_WARN_UNGUARDED_AVAILABILITY = YES_AGGRESSIVE;
				CLANG_WARN_UNREACHABLE_CODE = YES;
				CLANG_WARN__DUPLICATE_METHOD_MATCH = YES;
				CODE_SIGN_IDENTITY = "iPhone Developer";
				COPY_PHASE_STRIP = NO;
				DEBUG_INFORMATION_FORMAT = "dwarf-with-dsym";
				ENABLE_NS_ASSERTIONS = NO;
				ENABLE_STRICT_OBJC_MSGSEND = YES;
				GCC_C_LANGUAGE_STANDARD = gnu11;
				GCC_NO_COMMON_BLOCKS = YES;
				GCC_WARN_64_TO_32_BIT_CONVERSION = YES;
				GCC_WARN_ABOUT_RETURN_TYPE = YES_ERROR;
				GCC_WARN_UNDECLARED_SELECTOR = YES;
				GCC_WARN_UNINITIALIZED_AUTOS = YES_AGGRESSIVE;
				GCC_WARN_UNUSED_FUNCTION = YES;
				GCC_WARN_UNUSED_VARIABLE = YES;
				IPHONEOS_DEPLOYMENT_TARGET = 12.1;
				MTL_ENABLE_DEBUG_INFO = NO;
				MTL_FAST_MATH = YES;
				SDKROOT = iphoneos;
				SWIFT_COMPILATION_MODE = wholemodule;
				SWIFT_OPTIMIZATION_LEVEL = "-O";
				VALIDATE_PRODUCT = YES;
			};
			name = Release;
		};
		4D1F75EB221B238800CBF665 /* Debug */ = {
			isa = XCBuildConfiguration;
			buildSettings = {
				ASSETCATALOG_COMPILER_APPICON_NAME = AppIcon;
				CODE_SIGN_STYLE = Automatic;
				DEVELOPMENT_TEAM = ZQYD4D3V43;
				INFOPLIST_FILE = IBLApp/Info.plist;
				LD_RUNPATH_SEARCH_PATHS = (
					"$(inherited)",
					"@executable_path/Frameworks",
				);
				PRODUCT_BUNDLE_IDENTIFIER = com.vibishi.IBLApp;
				PRODUCT_NAME = "$(TARGET_NAME)";
				SWIFT_VERSION = 4.2;
				TARGETED_DEVICE_FAMILY = "1,2";
			};
			name = Debug;
		};
		4D1F75EC221B238800CBF665 /* Release */ = {
			isa = XCBuildConfiguration;
			buildSettings = {
				ASSETCATALOG_COMPILER_APPICON_NAME = AppIcon;
				CODE_SIGN_STYLE = Automatic;
				DEVELOPMENT_TEAM = ZQYD4D3V43;
				INFOPLIST_FILE = IBLApp/Info.plist;
				LD_RUNPATH_SEARCH_PATHS = (
					"$(inherited)",
					"@executable_path/Frameworks",
				);
				PRODUCT_BUNDLE_IDENTIFIER = com.vibishi.IBLApp;
				PRODUCT_NAME = "$(TARGET_NAME)";
				SWIFT_VERSION = 4.2;
				TARGETED_DEVICE_FAMILY = "1,2";
			};
			name = Release;
		};
		4D1F75EE221B238800CBF665 /* Debug */ = {
			isa = XCBuildConfiguration;
			buildSettings = {
				ALWAYS_EMBED_SWIFT_STANDARD_LIBRARIES = YES;
				BUNDLE_LOADER = "$(TEST_HOST)";
				CODE_SIGN_STYLE = Automatic;
				DEVELOPMENT_TEAM = ZQYD4D3V43;
				INFOPLIST_FILE = IBLAppTests/Info.plist;
				LD_RUNPATH_SEARCH_PATHS = (
					"$(inherited)",
					"@executable_path/Frameworks",
					"@loader_path/Frameworks",
				);
				PRODUCT_BUNDLE_IDENTIFIER = com.vibishi.IBLAppTests;
				PRODUCT_NAME = "$(TARGET_NAME)";
				SWIFT_VERSION = 4.2;
				TARGETED_DEVICE_FAMILY = "1,2";
				TEST_HOST = "$(BUILT_PRODUCTS_DIR)/IBLApp.app/IBLApp";
			};
			name = Debug;
		};
		4D1F75EF221B238800CBF665 /* Release */ = {
			isa = XCBuildConfiguration;
			buildSettings = {
				ALWAYS_EMBED_SWIFT_STANDARD_LIBRARIES = YES;
				BUNDLE_LOADER = "$(TEST_HOST)";
				CODE_SIGN_STYLE = Automatic;
				DEVELOPMENT_TEAM = ZQYD4D3V43;
				INFOPLIST_FILE = IBLAppTests/Info.plist;
				LD_RUNPATH_SEARCH_PATHS = (
					"$(inherited)",
					"@executable_path/Frameworks",
					"@loader_path/Frameworks",
				);
				PRODUCT_BUNDLE_IDENTIFIER = com.vibishi.IBLAppTests;
				PRODUCT_NAME = "$(TARGET_NAME)";
				SWIFT_VERSION = 4.2;
				TARGETED_DEVICE_FAMILY = "1,2";
				TEST_HOST = "$(BUILT_PRODUCTS_DIR)/IBLApp.app/IBLApp";
			};
			name = Release;
		};
		4D1F75F1221B238800CBF665 /* Debug */ = {
			isa = XCBuildConfiguration;
			buildSettings = {
				ALWAYS_EMBED_SWIFT_STANDARD_LIBRARIES = YES;
				CODE_SIGN_STYLE = Automatic;
				DEVELOPMENT_TEAM = ZQYD4D3V43;
				INFOPLIST_FILE = IBLAppUITests/Info.plist;
				LD_RUNPATH_SEARCH_PATHS = (
					"$(inherited)",
					"@executable_path/Frameworks",
					"@loader_path/Frameworks",
				);
				PRODUCT_BUNDLE_IDENTIFIER = com.vibishi.IBLAppUITests;
				PRODUCT_NAME = "$(TARGET_NAME)";
				SWIFT_VERSION = 4.2;
				TARGETED_DEVICE_FAMILY = "1,2";
				TEST_TARGET_NAME = IBLApp;
			};
			name = Debug;
		};
		4D1F75F2221B238800CBF665 /* Release */ = {
			isa = XCBuildConfiguration;
			buildSettings = {
				ALWAYS_EMBED_SWIFT_STANDARD_LIBRARIES = YES;
				CODE_SIGN_STYLE = Automatic;
				DEVELOPMENT_TEAM = ZQYD4D3V43;
				INFOPLIST_FILE = IBLAppUITests/Info.plist;
				LD_RUNPATH_SEARCH_PATHS = (
					"$(inherited)",
					"@executable_path/Frameworks",
					"@loader_path/Frameworks",
				);
				PRODUCT_BUNDLE_IDENTIFIER = com.vibishi.IBLAppUITests;
				PRODUCT_NAME = "$(TARGET_NAME)";
				SWIFT_VERSION = 4.2;
				TARGETED_DEVICE_FAMILY = "1,2";
				TEST_TARGET_NAME = IBLApp;
			};
			name = Release;
		};
/* End XCBuildConfiguration section */

/* Begin XCConfigurationList section */
		4D1F75BD221B238700CBF665 /* Build configuration list for PBXProject "IBLApp" */ = {
			isa = XCConfigurationList;
			buildConfigurations = (
				4D1F75E8221B238800CBF665 /* Debug */,
				4D1F75E9221B238800CBF665 /* Release */,
			);
			defaultConfigurationIsVisible = 0;
			defaultConfigurationName = Release;
		};
		4D1F75EA221B238800CBF665 /* Build configuration list for PBXNativeTarget "IBLApp" */ = {
			isa = XCConfigurationList;
			buildConfigurations = (
				4D1F75EB221B238800CBF665 /* Debug */,
				4D1F75EC221B238800CBF665 /* Release */,
			);
			defaultConfigurationIsVisible = 0;
			defaultConfigurationName = Release;
		};
		4D1F75ED221B238800CBF665 /* Build configuration list for PBXNativeTarget "IBLAppTests" */ = {
			isa = XCConfigurationList;
			buildConfigurations = (
				4D1F75EE221B238800CBF665 /* Debug */,
				4D1F75EF221B238800CBF665 /* Release */,
			);
			defaultConfigurationIsVisible = 0;
			defaultConfigurationName = Release;
		};
		4D1F75F0221B238800CBF665 /* Build configuration list for PBXNativeTarget "IBLAppUITests" */ = {
			isa = XCConfigurationList;
			buildConfigurations = (
				4D1F75F1221B238800CBF665 /* Debug */,
				4D1F75F2221B238800CBF665 /* Release */,
			);
			defaultConfigurationIsVisible = 0;
			defaultConfigurationName = Release;
		};
/* End XCConfigurationList section */
	};
	rootObject = 4D1F75BA221B238700CBF665 /* Project object */;
}
